
Microsoft Visual Studio Solution File, Format Version 12.00
# Visual Studio Version 17
VisualStudioVersion = 17.14.36203.30 d17.14
MinimumVisualStudioVersion = 10.0.40219.1
Project("{FAE04EC0-301F-11D3-BF4B-00C04F79EFBC}") = "Studentgrading", "Studentgrading.csproj", "{FC882F39-10C1-4CCC-84D0-6D1E0B0607BC}"
EndProject
Project("{FAE04EC0-301F-11D3-BF4B-00C04F79EFBC}") = "StudentGrade", "..\StudentGrade\StudentGrade.csproj", "{97E18299-F22C-4C63-B691-019E12CFBBE8}"
EndProject
Global
	GlobalSection(SolutionConfigurationPlatforms) = preSolution
		Debug|Any CPU = Debug|Any CPU
		Release|Any CPU = Release|Any CPU
	EndGlobalSection
	GlobalSection(ProjectConfigurationPlatforms) = postSolution
		{FC882F39-10C1-4CCC-84D0-6D1E0B0607BC}.Debug|Any CPU.ActiveCfg = Debug|Any CPU
		{FC882F39-10C1-4CCC-84D0-6D1E0B0607BC}.Debug|Any CPU.Build.0 = Debug|Any CPU
		{FC882F39-10C1-4CCC-84D0-6D1E0B0607BC}.Release|Any CPU.ActiveCfg = Release|Any CPU
		{FC882F39-10C1-4CCC-84D0-6D1E0B0607BC}.Release|Any CPU.Build.0 = Release|Any CPU
		{97E18299-F22C-4C63-B691-019E12CFBBE8}.Debug|Any CPU.ActiveCfg = Debug|Any CPU
		{97E18299-F22C-4C63-B691-019E12CFBBE8}.Debug|Any CPU.Build.0 = Debug|Any CPU
		{97E18299-F22C-4C63-B691-019E12CFBBE8}.Release|Any CPU.ActiveCfg = Release|Any CPU
		{97E18299-F22C-4C63-B691-019E12CFBBE8}.Release|Any CPU.Build.0 = Release|Any CPU
	EndGlobalSection
	GlobalSection(SolutionProperties) = preSolution
		HideSolutionNode = FALSE
	EndGlobalSection
	GlobalSection(ExtensibilityGlobals) = postSolution
		SolutionGuid = {7392F928-D4D6-4B19-8B7E-E94EA43C1E98}
	EndGlobalSection
EndGlobal
