
Microsoft Visual Studio Solution File, Format Version 12.00
# Visual Studio Version 17
VisualStudioVersion = 17.14.36203.30 d17.14
MinimumVisualStudioVersion = 10.0.40219.1
Project("{FAE04EC0-301F-11D3-BF4B-00C04F79EFBC}") = "CourseManagementSystem", "CourseManagementSystem.csproj", "{9543E798-E780-4F92-9B1A-2AC7F9F6F25B}"
EndProject
Global
	GlobalSection(SolutionConfigurationPlatforms) = preSolution
		Debug|Any CPU = Debug|Any CPU
		Release|Any CPU = Release|Any CPU
	EndGlobalSection
	GlobalSection(ProjectConfigurationPlatforms) = postSolution
		{9543E798-E780-4F92-9B1A-2AC7F9F6F25B}.Debug|Any CPU.ActiveCfg = Debug|Any CPU
		{9543E798-E780-4F92-9B1A-2AC7F9F6F25B}.Debug|Any CPU.Build.0 = Debug|Any CPU
		{9543E798-E780-4F92-9B1A-2AC7F9F6F25B}.Release|Any CPU.ActiveCfg = Release|Any CPU
		{9543E798-E780-4F92-9B1A-2AC7F9F6F25B}.Release|Any CPU.Build.0 = Release|Any CPU
	EndGlobalSection
	GlobalSection(SolutionProperties) = preSolution
		HideSolutionNode = FALSE
	EndGlobalSection
	GlobalSection(ExtensibilityGlobals) = postSolution
		SolutionGuid = {E6EB3589-53D6-430C-B81D-4585C2D4E519}
	EndGlobalSection
EndGlobal
