
Microsoft Visual Studio Solution File, Format Version 12.00
# Visual Studio Version 17
VisualStudioVersion = 17.14.36203.30 d17.14
MinimumVisualStudioVersion = 10.0.40219.1
Project("{FAE04EC0-301F-11D3-BF4B-00C04F79EFBC}") = "Student_App", "Student_App.csproj", "{9959C80C-E2C8-4FAD-8B2C-5D5A84E647D6}"
EndProject
Global
	GlobalSection(SolutionConfigurationPlatforms) = preSolution
		Debug|Any CPU = Debug|Any CPU
		Release|Any CPU = Release|Any CPU
	EndGlobalSection
	GlobalSection(ProjectConfigurationPlatforms) = postSolution
		{9959C80C-E2C8-4FAD-8B2C-5D5A84E647D6}.Debug|Any CPU.ActiveCfg = Debug|Any CPU
		{9959C80C-E2C8-4FAD-8B2C-5D5A84E647D6}.Debug|Any CPU.Build.0 = Debug|Any CPU
		{9959C80C-E2C8-4FAD-8B2C-5D5A84E647D6}.Release|Any CPU.ActiveCfg = Release|Any CPU
		{9959C80C-E2C8-4FAD-8B2C-5D5A84E647D6}.Release|Any CPU.Build.0 = Release|Any CPU
	EndGlobalSection
	GlobalSection(SolutionProperties) = preSolution
		HideSolutionNode = FALSE
	EndGlobalSection
	GlobalSection(ExtensibilityGlobals) = postSolution
		SolutionGuid = {AC73678C-A5F6-46E4-9889-FA484C037C21}
	EndGlobalSection
EndGlobal
